// !$*UTF8*$!
{
	archiveVersion = 1;
	classes = {
	};
	objectVersion = 50;
	objects = {

/* Begin PBXBuildFile section */
		AF2C473A215C71BC003594D0 /* AuthenticationErrorType.swift in Sources */ = {isa = PBXBuildFile; fileRef = AF2C4739215C71BC003594D0 /* AuthenticationErrorType.swift */; };
		AF2C473C215C722A003594D0 /* AuthenticationError.swift in Sources */ = {isa = PBXBuildFile; fileRef = AF2C473B215C722A003594D0 /* AuthenticationError.swift */; };
		AFE7C371215AF4E0000C576F /* DeviceAuthenticator.h in Headers */ = {isa = PBXBuildFile; fileRef = AFE7C36F215AF4E0000C576F /* DeviceAuthenticator.h */; settings = {ATTRIBUTES = (Public, ); }; };
		AFE7C377215AF51A000C576F /* BiometricType.swift in Sources */ = {isa = PBXBuildFile; fileRef = AFE7C376215AF51A000C576F /* BiometricType.swift */; };
		AFE7C37A215AF53D000C576F /* LocalAuthentication.framework in Frameworks */ = {isa = PBXBuildFile; fileRef = AFE7C379215AF53D000C576F /* LocalAuthentication.framework */; };
		AFE7C37C215AF81C000C576F /* BiometricAuthenticatorType.swift in Sources */ = {isa = PBXBuildFile; fileRef = AFE7C37B215AF81C000C576F /* BiometricAuthenticatorType.swift */; };
		AFE7C37E215AF84E000C576F /* BiometricAuthenticator.swift in Sources */ = {isa = PBXBuildFile; fileRef = AFE7C37D215AF84E000C576F /* BiometricAuthenticator.swift */; };
		AFE7C39E215B051A000C576F /* BiometricAuthenticationContext.swift in Sources */ = {isa = PBXBuildFile; fileRef = AFE7C39D215B051A000C576F /* BiometricAuthenticationContext.swift */; };
/* End PBXBuildFile section */

/* Begin PBXFileReference section */
		AF2C4739215C71BC003594D0 /* AuthenticationErrorType.swift */ = {isa = PBXFileReference; lastKnownFileType = sourcecode.swift; path = AuthenticationErrorType.swift; sourceTree = "<group>"; };
		AF2C473B215C722A003594D0 /* AuthenticationError.swift */ = {isa = PBXFileReference; lastKnownFileType = sourcecode.swift; path = AuthenticationError.swift; sourceTree = "<group>"; };
		AFE7C36C215AF4E0000C576F /* DeviceAuthenticator.framework */ = {isa = PBXFileReference; explicitFileType = wrapper.framework; includeInIndex = 0; path = DeviceAuthenticator.framework; sourceTree = BUILT_PRODUCTS_DIR; };
		AFE7C36F215AF4E0000C576F /* DeviceAuthenticator.h */ = {isa = PBXFileReference; lastKnownFileType = sourcecode.c.h; path = DeviceAuthenticator.h; sourceTree = "<group>"; };
		AFE7C370215AF4E0000C576F /* Info.plist */ = {isa = PBXFileReference; lastKnownFileType = text.plist.xml; path = Info.plist; sourceTree = "<group>"; };
		AFE7C376215AF51A000C576F /* BiometricType.swift */ = {isa = PBXFileReference; lastKnownFileType = sourcecode.swift; path = BiometricType.swift; sourceTree = "<group>"; };
		AFE7C379215AF53D000C576F /* LocalAuthentication.framework */ = {isa = PBXFileReference; lastKnownFileType = wrapper.framework; name = LocalAuthentication.framework; path = Platforms/iPhoneOS.platform/Developer/SDKs/iPhoneOS12.0.sdk/System/Library/Frameworks/LocalAuthentication.framework; sourceTree = DEVELOPER_DIR; };
		AFE7C37B215AF81C000C576F /* BiometricAuthenticatorType.swift */ = {isa = PBXFileReference; lastKnownFileType = sourcecode.swift; path = BiometricAuthenticatorType.swift; sourceTree = "<group>"; };
		AFE7C37D215AF84E000C576F /* BiometricAuthenticator.swift */ = {isa = PBXFileReference; lastKnownFileType = sourcecode.swift; path = BiometricAuthenticator.swift; sourceTree = "<group>"; };
		AFE7C39D215B051A000C576F /* BiometricAuthenticationContext.swift */ = {isa = PBXFileReference; lastKnownFileType = sourcecode.swift; path = BiometricAuthenticationContext.swift; sourceTree = "<group>"; };
/* End PBXFileReference section */

/* Begin PBXFrameworksBuildPhase section */
		AFE7C369215AF4DF000C576F /* Frameworks */ = {
			isa = PBXFrameworksBuildPhase;
			buildActionMask = 2147483647;
			files = (
				AFE7C37A215AF53D000C576F /* LocalAuthentication.framework in Frameworks */,
			);
			runOnlyForDeploymentPostprocessing = 0;
		};
/* End PBXFrameworksBuildPhase section */

/* Begin PBXGroup section */
		AFE7C360215AF45A000C576F = {
			isa = PBXGroup;
			children = (
				AFE7C36E215AF4E0000C576F /* DeviceAuthenticator */,
				AFE7C36D215AF4E0000C576F /* Products */,
				AFE7C378215AF53D000C576F /* Frameworks */,
			);
			sourceTree = "<group>";
		};
		AFE7C36D215AF4E0000C576F /* Products */ = {
			isa = PBXGroup;
			children = (
				AFE7C36C215AF4E0000C576F /* DeviceAuthenticator.framework */,
			);
			name = Products;
			sourceTree = "<group>";
		};
		AFE7C36E215AF4E0000C576F /* DeviceAuthenticator */ = {
			isa = PBXGroup;
			children = (
				AFE7C370215AF4E0000C576F /* Info.plist */,
				AFE7C36F215AF4E0000C576F /* DeviceAuthenticator.h */,
				AFE7C375215AF4FB000C576F /* sources */,
			);
			path = DeviceAuthenticator;
			sourceTree = "<group>";
		};
		AFE7C375215AF4FB000C576F /* sources */ = {
			isa = PBXGroup;
			children = (
				AF2C473B215C722A003594D0 /* AuthenticationError.swift */,
				AF2C4739215C71BC003594D0 /* AuthenticationErrorType.swift */,
				AFE7C39D215B051A000C576F /* BiometricAuthenticationContext.swift */,
				AFE7C37D215AF84E000C576F /* BiometricAuthenticator.swift */,
				AFE7C37B215AF81C000C576F /* BiometricAuthenticatorType.swift */,
				AFE7C376215AF51A000C576F /* BiometricType.swift */,
			);
			path = sources;
			sourceTree = "<group>";
		};
		AFE7C378215AF53D000C576F /* Frameworks */ = {
			isa = PBXGroup;
			children = (
				AFE7C379215AF53D000C576F /* LocalAuthentication.framework */,
			);
			name = Frameworks;
			sourceTree = "<group>";
		};
/* End PBXGroup section */

/* Begin PBXHeadersBuildPhase section */
		AFE7C367215AF4DF000C576F /* Headers */ = {
			isa = PBXHeadersBuildPhase;
			buildActionMask = 2147483647;
			files = (
				AFE7C371215AF4E0000C576F /* DeviceAuthenticator.h in Headers */,
			);
			runOnlyForDeploymentPostprocessing = 0;
		};
/* End PBXHeadersBuildPhase section */

/* Begin PBXNativeTarget section */
		AFE7C36B215AF4DF000C576F /* DeviceAuthenticator */ = {
			isa = PBXNativeTarget;
			buildConfigurationList = AFE7C372215AF4E0000C576F /* Build configuration list for PBXNativeTarget "DeviceAuthenticator" */;
			buildPhases = (
				AFE7C367215AF4DF000C576F /* Headers */,
				AFE7C368215AF4DF000C576F /* Sources */,
				AFE7C369215AF4DF000C576F /* Frameworks */,
				AFE7C36A215AF4DF000C576F /* Resources */,
			);
			buildRules = (
			);
			dependencies = (
			);
			name = DeviceAuthenticator;
			productName = DeviceAuthenticator;
			productReference = AFE7C36C215AF4E0000C576F /* DeviceAuthenticator.framework */;
			productType = "com.apple.product-type.framework";
		};
/* End PBXNativeTarget section */

/* Begin PBXProject section */
		AFE7C361215AF45A000C576F /* Project object */ = {
			isa = PBXProject;
			attributes = {
				LastUpgradeCheck = 1020;
				TargetAttributes = {
					AFE7C36B215AF4DF000C576F = {
						CreatedOnToolsVersion = 10.0;
						LastSwiftMigration = 1000;
					};
				};
			};
			buildConfigurationList = AFE7C364215AF45A000C576F /* Build configuration list for PBXProject "DeviceAuthenticator" */;
			compatibilityVersion = "Xcode 9.3";
			developmentRegion = en;
			hasScannedForEncodings = 0;
			knownRegions = (
				en,
			);
			mainGroup = AFE7C360215AF45A000C576F;
			productRefGroup = AFE7C36D215AF4E0000C576F /* Products */;
			projectDirPath = "";
			projectRoot = "";
			targets = (
				AFE7C36B215AF4DF000C576F /* DeviceAuthenticator */,
			);
		};
/* End PBXProject section */

/* Begin PBXResourcesBuildPhase section */
		AFE7C36A215AF4DF000C576F /* Resources */ = {
			isa = PBXResourcesBuildPhase;
			buildActionMask = 2147483647;
			files = (
			);
			runOnlyForDeploymentPostprocessing = 0;
		};
/* End PBXResourcesBuildPhase section */

/* Begin PBXSourcesBuildPhase section */
		AFE7C368215AF4DF000C576F /* Sources */ = {
			isa = PBXSourcesBuildPhase;
			buildActionMask = 2147483647;
			files = (
				AF2C473A215C71BC003594D0 /* AuthenticationErrorType.swift in Sources */,
				AFE7C37C215AF81C000C576F /* BiometricAuthenticatorType.swift in Sources */,
				AFE7C377215AF51A000C576F /* BiometricType.swift in Sources */,
				AFE7C39E215B051A000C576F /* BiometricAuthenticationContext.swift in Sources */,
				AF2C473C215C722A003594D0 /* AuthenticationError.swift in Sources */,
				AFE7C37E215AF84E000C576F /* BiometricAuthenticator.swift in Sources */,
			);
			runOnlyForDeploymentPostprocessing = 0;
		};
/* End PBXSourcesBuildPhase section */

/* Begin XCBuildConfiguration section */
		AFE7C365215AF45A000C576F /* Debug */ = {
			isa = XCBuildConfiguration;
			buildSettings = {
				CLANG_WARN_BLOCK_CAPTURE_AUTORELEASING = YES;
				CLANG_WARN_BOOL_CONVERSION = YES;
				CLANG_WARN_COMMA = YES;
				CLANG_WARN_CONSTANT_CONVERSION = YES;
				CLANG_WARN_DEPRECATED_OBJC_IMPLEMENTATIONS = YES;
				CLANG_WARN_EMPTY_BODY = YES;
				CLANG_WARN_ENUM_CONVERSION = YES;
				CLANG_WARN_INFINITE_RECURSION = YES;
				CLANG_WARN_INT_CONVERSION = YES;
				CLANG_WARN_NON_LITERAL_NULL_CONVERSION = YES;
				CLANG_WARN_OBJC_IMPLICIT_RETAIN_SELF = YES;
				CLANG_WARN_OBJC_LITERAL_CONVERSION = YES;
				CLANG_WARN_RANGE_LOOP_ANALYSIS = YES;
				CLANG_WARN_STRICT_PROTOTYPES = YES;
				CLANG_WARN_SUSPICIOUS_MOVE = YES;
				CLANG_WARN_UNREACHABLE_CODE = YES;
				CLANG_WARN__DUPLICATE_METHOD_MATCH = YES;
				ENABLE_STRICT_OBJC_MSGSEND = YES;
				ENABLE_TESTABILITY = YES;
				GCC_NO_COMMON_BLOCKS = YES;
				GCC_WARN_64_TO_32_BIT_CONVERSION = YES;
				GCC_WARN_ABOUT_RETURN_TYPE = YES;
				GCC_WARN_UNDECLARED_SELECTOR = YES;
				GCC_WARN_UNINITIALIZED_AUTOS = YES;
				GCC_WARN_UNUSED_FUNCTION = YES;
				GCC_WARN_UNUSED_VARIABLE = YES;
				IPHONEOS_DEPLOYMENT_TARGET = 11.0;
				ONLY_ACTIVE_ARCH = YES;
			};
			name = Debug;
		};
		AFE7C366215AF45A000C576F /* Release */ = {
			isa = XCBuildConfiguration;
			buildSettings = {
				CLANG_WARN_BLOCK_CAPTURE_AUTORELEASING = YES;
				CLANG_WARN_BOOL_CONVERSION = YES;
				CLANG_WARN_COMMA = YES;
				CLANG_WARN_CONSTANT_CONVERSION = YES;
				CLANG_WARN_DEPRECATED_OBJC_IMPLEMENTATIONS = YES;
				CLANG_WARN_EMPTY_BODY = YES;
				CLANG_WARN_ENUM_CONVERSION = YES;
				CLANG_WARN_INFINITE_RECURSION = YES;
				CLANG_WARN_INT_CONVERSION = YES;
				CLANG_WARN_NON_LITERAL_NULL_CONVERSION = YES;
				CLANG_WARN_OBJC_IMPLICIT_RETAIN_SELF = YES;
				CLANG_WARN_OBJC_LITERAL_CONVERSION = YES;
				CLANG_WARN_RANGE_LOOP_ANALYSIS = YES;
				CLANG_WARN_STRICT_PROTOTYPES = YES;
				CLANG_WARN_SUSPICIOUS_MOVE = YES;
				CLANG_WARN_UNREACHABLE_CODE = YES;
				CLANG_WARN__DUPLICATE_METHOD_MATCH = YES;
				ENABLE_STRICT_OBJC_MSGSEND = YES;
				GCC_NO_COMMON_BLOCKS = YES;
				GCC_WARN_64_TO_32_BIT_CONVERSION = YES;
				GCC_WARN_ABOUT_RETURN_TYPE = YES;
				GCC_WARN_UNDECLARED_SELECTOR = YES;
				GCC_WARN_UNINITIALIZED_AUTOS = YES;
				GCC_WARN_UNUSED_FUNCTION = YES;
				GCC_WARN_UNUSED_VARIABLE = YES;
				IPHONEOS_DEPLOYMENT_TARGET = 11.0;
			};
			name = Release;
		};
		AFE7C373215AF4E0000C576F /* Debug */ = {
			isa = XCBuildConfiguration;
			buildSettings = {
				ALWAYS_SEARCH_USER_PATHS = NO;
				CLANG_ANALYZER_NONNULL = YES;
				CLANG_ANALYZER_NUMBER_OBJECT_CONVERSION = YES_AGGRESSIVE;
				CLANG_CXX_LANGUAGE_STANDARD = "gnu++14";
				CLANG_CXX_LIBRARY = "libc++";
				CLANG_ENABLE_MODULES = YES;
				CLANG_ENABLE_OBJC_ARC = YES;
				CLANG_ENABLE_OBJC_WEAK = YES;
				CLANG_WARN_BLOCK_CAPTURE_AUTORELEASING = YES;
				CLANG_WARN_BOOL_CONVERSION = YES;
				CLANG_WARN_COMMA = YES;
				CLANG_WARN_CONSTANT_CONVERSION = YES;
				CLANG_WARN_DEPRECATED_OBJC_IMPLEMENTATIONS = YES;
				CLANG_WARN_DIRECT_OBJC_ISA_USAGE = YES_ERROR;
				CLANG_WARN_DOCUMENTATION_COMMENTS = YES;
				CLANG_WARN_EMPTY_BODY = YES;
				CLANG_WARN_ENUM_CONVERSION = YES;
				CLANG_WARN_INFINITE_RECURSION = YES;
				CLANG_WARN_INT_CONVERSION = YES;
				CLANG_WARN_NON_LITERAL_NULL_CONVERSION = YES;
				CLANG_WARN_OBJC_IMPLICIT_RETAIN_SELF = YES;
				CLANG_WARN_OBJC_LITERAL_CONVERSION = YES;
				CLANG_WARN_OBJC_ROOT_CLASS = YES_ERROR;
				CLANG_WARN_RANGE_LOOP_ANALYSIS = YES;
				CLANG_WARN_STRICT_PROTOTYPES = YES;
				CLANG_WARN_SUSPICIOUS_MOVE = YES;
				CLANG_WARN_UNGUARDED_AVAILABILITY = YES_AGGRESSIVE;
				CLANG_WARN_UNREACHABLE_CODE = YES;
				CLANG_WARN__DUPLICATE_METHOD_MATCH = YES;
				CODE_SIGN_IDENTITY = "";
				CODE_SIGN_STYLE = Automatic;
				COPY_PHASE_STRIP = NO;
				CURRENT_PROJECT_VERSION = 1;
				DEBUG_INFORMATION_FORMAT = dwarf;
				DEFINES_MODULE = YES;
				DEVELOPMENT_TEAM = 73UG84RVVP;
				DYLIB_COMPATIBILITY_VERSION = 1;
				DYLIB_CURRENT_VERSION = 1;
				DYLIB_INSTALL_NAME_BASE = "@rpath";
				ENABLE_STRICT_OBJC_MSGSEND = YES;
				ENABLE_TESTABILITY = YES;
				GCC_C_LANGUAGE_STANDARD = gnu11;
				GCC_DYNAMIC_NO_PIC = NO;
				GCC_NO_COMMON_BLOCKS = YES;
				GCC_OPTIMIZATION_LEVEL = 0;
				GCC_PREPROCESSOR_DEFINITIONS = (
					"DEBUG=1",
					"$(inherited)",
				);
				GCC_WARN_64_TO_32_BIT_CONVERSION = YES;
				GCC_WARN_ABOUT_RETURN_TYPE = YES_ERROR;
				GCC_WARN_UNDECLARED_SELECTOR = YES;
				GCC_WARN_UNINITIALIZED_AUTOS = YES_AGGRESSIVE;
				GCC_WARN_UNUSED_FUNCTION = YES;
				GCC_WARN_UNUSED_VARIABLE = YES;
				INFOPLIST_FILE = DeviceAuthenticator/Info.plist;
				INSTALL_PATH = "$(LOCAL_LIBRARY_DIR)/Frameworks";
				IPHONEOS_DEPLOYMENT_TARGET = 11.0;
				LD_RUNPATH_SEARCH_PATHS = (
					"$(inherited)",
					"@executable_path/Frameworks",
					"@loader_path/Frameworks",
				);
				MTL_ENABLE_DEBUG_INFO = INCLUDE_SOURCE;
				MTL_FAST_MATH = YES;
				ONLY_ACTIVE_ARCH = YES;
				PRODUCT_BUNDLE_IDENTIFIER = io.emdos.DeviceAuthenticator;
				PRODUCT_NAME = "$(TARGET_NAME:c99extidentifier)";
				SDKROOT = iphoneos;
				SKIP_INSTALL = YES;
				SWIFT_ACTIVE_COMPILATION_CONDITIONS = DEBUG;
				SWIFT_OPTIMIZATION_LEVEL = "-Onone";
				SWIFT_VERSION = 5.0;
				TARGETED_DEVICE_FAMILY = "1,2";
				VERSIONING_SYSTEM = "apple-generic";
				VERSION_INFO_PREFIX = "";
			};
			name = Debug;
		};
		AFE7C374215AF4E0000C576F /* Release */ = {
			isa = XCBuildConfiguration;
			buildSettings = {
				ALWAYS_SEARCH_USER_PATHS = NO;
				CLANG_ANALYZER_NONNULL = YES;
				CLANG_ANALYZER_NUMBER_OBJECT_CONVERSION = YES_AGGRESSIVE;
				CLANG_CXX_LANGUAGE_STANDARD = "gnu++14";
				CLANG_CXX_LIBRARY = "libc++";
				CLANG_ENABLE_MODULES = YES;
				CLANG_ENABLE_OBJC_ARC = YES;
				CLANG_ENABLE_OBJC_WEAK = YES;
				CLANG_WARN_BLOCK_CAPTURE_AUTORELEASING = YES;
				CLANG_WARN_BOOL_CONVERSION = YES;
				CLANG_WARN_COMMA = YES;
				CLANG_WARN_CONSTANT_CONVERSION = YES;
				CLANG_WARN_DEPRECATED_OBJC_IMPLEMENTATIONS = YES;
				CLANG_WARN_DIRECT_OBJC_ISA_USAGE = YES_ERROR;
				CLANG_WARN_DOCUMENTATION_COMMENTS = YES;
				CLANG_WARN_EMPTY_BODY = YES;
				CLANG_WARN_ENUM_CONVERSION = YES;
				CLANG_WARN_INFINITE_RECURSION = YES;
				CLANG_WARN_INT_CONVERSION = YES;
				CLANG_WARN_NON_LITERAL_NULL_CONVERSION = YES;
				CLANG_WARN_OBJC_IMPLICIT_RETAIN_SELF = YES;
				CLANG_WARN_OBJC_LITERAL_CONVERSION = YES;
				CLANG_WARN_OBJC_ROOT_CLASS = YES_ERROR;
				CLANG_WARN_RANGE_LOOP_ANALYSIS = YES;
				CLANG_WARN_STRICT_PROTOTYPES = YES;
				CLANG_WARN_SUSPICIOUS_MOVE = YES;
				CLANG_WARN_UNGUARDED_AVAILABILITY = YES_AGGRESSIVE;
				CLANG_WARN_UNREACHABLE_CODE = YES;
				CLANG_WARN__DUPLICATE_METHOD_MATCH = YES;
				CODE_SIGN_IDENTITY = "";
				CODE_SIGN_STYLE = Automatic;
				COPY_PHASE_STRIP = NO;
				CURRENT_PROJECT_VERSION = 1;
				DEBUG_INFORMATION_FORMAT = "dwarf-with-dsym";
				DEFINES_MODULE = YES;
				DEVELOPMENT_TEAM = 73UG84RVVP;
				DYLIB_COMPATIBILITY_VERSION = 1;
				DYLIB_CURRENT_VERSION = 1;
				DYLIB_INSTALL_NAME_BASE = "@rpath";
				ENABLE_NS_ASSERTIONS = NO;
				ENABLE_STRICT_OBJC_MSGSEND = YES;
				GCC_C_LANGUAGE_STANDARD = gnu11;
				GCC_NO_COMMON_BLOCKS = YES;
				GCC_WARN_64_TO_32_BIT_CONVERSION = YES;
				GCC_WARN_ABOUT_RETURN_TYPE = YES_ERROR;
				GCC_WARN_UNDECLARED_SELECTOR = YES;
				GCC_WARN_UNINITIALIZED_AUTOS = YES_AGGRESSIVE;
				GCC_WARN_UNUSED_FUNCTION = YES;
				GCC_WARN_UNUSED_VARIABLE = YES;
				INFOPLIST_FILE = DeviceAuthenticator/Info.plist;
				INSTALL_PATH = "$(LOCAL_LIBRARY_DIR)/Frameworks";
				IPHONEOS_DEPLOYMENT_TARGET = 11.0;
				LD_RUNPATH_SEARCH_PATHS = (
					"$(inherited)",
					"@executable_path/Frameworks",
					"@loader_path/Frameworks",
				);
				MTL_ENABLE_DEBUG_INFO = NO;
				MTL_FAST_MATH = YES;
				PRODUCT_BUNDLE_IDENTIFIER = io.emdos.DeviceAuthenticator;
				PRODUCT_NAME = "$(TARGET_NAME:c99extidentifier)";
				SDKROOT = iphoneos;
				SKIP_INSTALL = YES;
				SWIFT_COMPILATION_MODE = wholemodule;
				SWIFT_OPTIMIZATION_LEVEL = "-O";
				SWIFT_VERSION = 5.0;
				TARGETED_DEVICE_FAMILY = "1,2";
				VALIDATE_PRODUCT = YES;
				VERSIONING_SYSTEM = "apple-generic";
				VERSION_INFO_PREFIX = "";
			};
			name = Release;
		};
/* End XCBuildConfiguration section */

/* Begin XCConfigurationList section */
		AFE7C364215AF45A000C576F /* Build configuration list for PBXProject "DeviceAuthenticator" */ = {
			isa = XCConfigurationList;
			buildConfigurations = (
				AFE7C365215AF45A000C576F /* Debug */,
				AFE7C366215AF45A000C576F /* Release */,
			);
			defaultConfigurationIsVisible = 0;
			defaultConfigurationName = Release;
		};
		AFE7C372215AF4E0000C576F /* Build configuration list for PBXNativeTarget "DeviceAuthenticator" */ = {
			isa = XCConfigurationList;
			buildConfigurations = (
				AFE7C373215AF4E0000C576F /* Debug */,
				AFE7C374215AF4E0000C576F /* Release */,
			);
			defaultConfigurationIsVisible = 0;
			defaultConfigurationName = Release;
		};
/* End XCConfigurationList section */
	};
	rootObject = AFE7C361215AF45A000C576F /* Project object */;
}
